// !$*UTF8*$!
{
	archiveVersion = 1;
	classes = {
	};
	objectVersion = 46;
	objects = {

/* Begin PBXBuildFile section */
		6DB64DD81E63551BB338C6AB /* Pods_prueba1.framework in Frameworks */ = {isa = PBXBuildFile; fileRef = BB9E66FDB77154FF419B87D3 /* Pods_prueba1.framework */; };
		E93D36871DDF8C9E001BE01E /* AppDelegate.swift in Sources */ = {isa = PBXBuildFile; fileRef = E93D36861DDF8C9E001BE01E /* AppDelegate.swift */; };
		E93D36891DDF8C9E001BE01E /* ViewController.swift in Sources */ = {isa = PBXBuildFile; fileRef = E93D36881DDF8C9E001BE01E /* ViewController.swift */; };
		E93D368C1DDF8C9E001BE01E /* Main.storyboard in Resources */ = {isa = PBXBuildFile; fileRef = E93D368A1DDF8C9E001BE01E /* Main.storyboard */; };
		E93D368E1DDF8C9E001BE01E /* Assets.xcassets in Resources */ = {isa = PBXBuildFile; fileRef = E93D368D1DDF8C9E001BE01E /* Assets.xcassets */; };
		E93D36911DDF8C9E001BE01E /* LaunchScreen.storyboard in Resources */ = {isa = PBXBuildFile; fileRef = E93D368F1DDF8C9E001BE01E /* LaunchScreen.storyboard */; };
		E9A431951DE8B6E6002B3DA7 /* Alumno.swift in Sources */ = {isa = PBXBuildFile; fileRef = E9A431941DE8B6E6002B3DA7 /* Alumno.swift */; };
		E9CF305D1DE4DDC000ABDADE /* tabController.swift in Sources */ = {isa = PBXBuildFile; fileRef = E9CF305C1DE4DDC000ABDADE /* tabController.swift */; };
		E9CF305F1DE4E02200ABDADE /* DatosViewController.swift in Sources */ = {isa = PBXBuildFile; fileRef = E9CF305E1DE4E02200ABDADE /* DatosViewController.swift */; };
/* End PBXBuildFile section */

/* Begin PBXFileReference section */
		0ACD7B28D2CCB7D47DA059E1 /* Pods-prueba1.release.xcconfig */ = {isa = PBXFileReference; includeInIndex = 1; lastKnownFileType = text.xcconfig; name = "Pods-prueba1.release.xcconfig"; path = "Pods/Target Support Files/Pods-prueba1/Pods-prueba1.release.xcconfig"; sourceTree = "<group>"; };
		49481C1382015801ADB2C900 /* Pods-prueba1.debug.xcconfig */ = {isa = PBXFileReference; includeInIndex = 1; lastKnownFileType = text.xcconfig; name = "Pods-prueba1.debug.xcconfig"; path = "Pods/Target Support Files/Pods-prueba1/Pods-prueba1.debug.xcconfig"; sourceTree = "<group>"; };
		BB9E66FDB77154FF419B87D3 /* Pods_prueba1.framework */ = {isa = PBXFileReference; explicitFileType = wrapper.framework; includeInIndex = 0; path = Pods_prueba1.framework; sourceTree = BUILT_PRODUCTS_DIR; };
		E93D36831DDF8C9E001BE01E /* prueba1.app */ = {isa = PBXFileReference; explicitFileType = wrapper.application; includeInIndex = 0; path = prueba1.app; sourceTree = BUILT_PRODUCTS_DIR; };
		E93D36861DDF8C9E001BE01E /* AppDelegate.swift */ = {isa = PBXFileReference; lastKnownFileType = sourcecode.swift; path = AppDelegate.swift; sourceTree = "<group>"; };
		E93D36881DDF8C9E001BE01E /* ViewController.swift */ = {isa = PBXFileReference; lastKnownFileType = sourcecode.swift; path = ViewController.swift; sourceTree = "<group>"; };
		E93D368B1DDF8C9E001BE01E /* Base */ = {isa = PBXFileReference; lastKnownFileType = file.storyboard; name = Base; path = Base.lproj/Main.storyboard; sourceTree = "<group>"; };
		E93D368D1DDF8C9E001BE01E /* Assets.xcassets */ = {isa = PBXFileReference; lastKnownFileType = folder.assetcatalog; path = Assets.xcassets; sourceTree = "<group>"; };
		E93D36901DDF8C9E001BE01E /* Base */ = {isa = PBXFileReference; lastKnownFileType = file.storyboard; name = Base; path = Base.lproj/LaunchScreen.storyboard; sourceTree = "<group>"; };
		E93D36921DDF8C9E001BE01E /* Info.plist */ = {isa = PBXFileReference; lastKnownFileType = text.plist.xml; path = Info.plist; sourceTree = "<group>"; };
		E9A431941DE8B6E6002B3DA7 /* Alumno.swift */ = {isa = PBXFileReference; fileEncoding = 4; lastKnownFileType = sourcecode.swift; path = Alumno.swift; sourceTree = "<group>"; };
		E9CF305C1DE4DDC000ABDADE /* tabController.swift */ = {isa = PBXFileReference; fileEncoding = 4; lastKnownFileType = sourcecode.swift; path = tabController.swift; sourceTree = "<group>"; };
		E9CF305E1DE4E02200ABDADE /* DatosViewController.swift */ = {isa = PBXFileReference; fileEncoding = 4; lastKnownFileType = sourcecode.swift; path = DatosViewController.swift; sourceTree = "<group>"; };
/* End PBXFileReference section */

/* Begin PBXFrameworksBuildPhase section */
		E93D36801DDF8C9E001BE01E /* Frameworks */ = {
			isa = PBXFrameworksBuildPhase;
			buildActionMask = 2147483647;
			files = (
				6DB64DD81E63551BB338C6AB /* Pods_prueba1.framework in Frameworks */,
			);
			runOnlyForDeploymentPostprocessing = 0;
		};
/* End PBXFrameworksBuildPhase section */

/* Begin PBXGroup section */
		4CA91F23CD08E2CC71DEAE58 /* Pods */ = {
			isa = PBXGroup;
			children = (
				49481C1382015801ADB2C900 /* Pods-prueba1.debug.xcconfig */,
				0ACD7B28D2CCB7D47DA059E1 /* Pods-prueba1.release.xcconfig */,
			);
			name = Pods;
			sourceTree = "<group>";
		};
		CC28F1879104541ADB1A44DA /* Frameworks */ = {
			isa = PBXGroup;
			children = (
				BB9E66FDB77154FF419B87D3 /* Pods_prueba1.framework */,
			);
			name = Frameworks;
			sourceTree = "<group>";
		};
		E93D367A1DDF8C9E001BE01E = {
			isa = PBXGroup;
			children = (
				E93D36851DDF8C9E001BE01E /* prueba1 */,
				E93D36841DDF8C9E001BE01E /* Products */,
				4CA91F23CD08E2CC71DEAE58 /* Pods */,
				CC28F1879104541ADB1A44DA /* Frameworks */,
			);
			sourceTree = "<group>";
		};
		E93D36841DDF8C9E001BE01E /* Products */ = {
			isa = PBXGroup;
			children = (
				E93D36831DDF8C9E001BE01E /* prueba1.app */,
			);
			name = Products;
			sourceTree = "<group>";
		};
		E93D36851DDF8C9E001BE01E /* prueba1 */ = {
			isa = PBXGroup;
			children = (
				E93D36861DDF8C9E001BE01E /* AppDelegate.swift */,
				E93D36881DDF8C9E001BE01E /* ViewController.swift */,
				E9A431941DE8B6E6002B3DA7 /* Alumno.swift */,
				E9CF305C1DE4DDC000ABDADE /* tabController.swift */,
				E9CF305E1DE4E02200ABDADE /* DatosViewController.swift */,
				E93D368A1DDF8C9E001BE01E /* Main.storyboard */,
				E93D368D1DDF8C9E001BE01E /* Assets.xcassets */,
				E93D368F1DDF8C9E001BE01E /* LaunchScreen.storyboard */,
				E93D36921DDF8C9E001BE01E /* Info.plist */,
			);
			path = prueba1;
			sourceTree = "<group>";
		};
/* End PBXGroup section */

/* Begin PBXNativeTarget section */
		E93D36821DDF8C9E001BE01E /* prueba1 */ = {
			isa = PBXNativeTarget;
			buildConfigurationList = E93D36951DDF8C9E001BE01E /* Build configuration list for PBXNativeTarget "prueba1" */;
			buildPhases = (
				8359B6C4AEF1FFE30A7FEBCC /* [CP] Check Pods Manifest.lock */,
				E93D367F1DDF8C9E001BE01E /* Sources */,
				E93D36801DDF8C9E001BE01E /* Frameworks */,
				E93D36811DDF8C9E001BE01E /* Resources */,
				8DEE47AFD516452B00B3F75D /* [CP] Embed Pods Frameworks */,
				89CC07F1965863D07909FD71 /* [CP] Copy Pods Resources */,
			);
			buildRules = (
			);
			dependencies = (
			);
			name = prueba1;
			productName = prueba1;
			productReference = E93D36831DDF8C9E001BE01E /* prueba1.app */;
			productType = "com.apple.product-type.application";
		};
/* End PBXNativeTarget section */

/* Begin PBXProject section */
		E93D367B1DDF8C9E001BE01E /* Project object */ = {
			isa = PBXProject;
			attributes = {
				LastSwiftUpdateCheck = 0810;
				LastUpgradeCheck = 0810;
				ORGANIZATIONNAME = "Juan Carlos";
				TargetAttributes = {
					E93D36821DDF8C9E001BE01E = {
						CreatedOnToolsVersion = 8.1;
						ProvisioningStyle = Automatic;
					};
				};
			};
			buildConfigurationList = E93D367E1DDF8C9E001BE01E /* Build configuration list for PBXProject "prueba1" */;
			compatibilityVersion = "Xcode 3.2";
			developmentRegion = English;
			hasScannedForEncodings = 0;
			knownRegions = (
				en,
				Base,
			);
			mainGroup = E93D367A1DDF8C9E001BE01E;
			productRefGroup = E93D36841DDF8C9E001BE01E /* Products */;
			projectDirPath = "";
			projectRoot = "";
			targets = (
				E93D36821DDF8C9E001BE01E /* prueba1 */,
			);
		};
/* End PBXProject section */

/* Begin PBXResourcesBuildPhase section */
		E93D36811DDF8C9E001BE01E /* Resources */ = {
			isa = PBXResourcesBuildPhase;
			buildActionMask = 2147483647;
			files = (
				E93D36911DDF8C9E001BE01E /* LaunchScreen.storyboard in Resources */,
				E93D368E1DDF8C9E001BE01E /* Assets.xcassets in Resources */,
				E93D368C1DDF8C9E001BE01E /* Main.storyboard in Resources */,
			);
			runOnlyForDeploymentPostprocessing = 0;
		};
/* End PBXResourcesBuildPhase section */

/* Begin PBXShellScriptBuildPhase section */
		8359B6C4AEF1FFE30A7FEBCC /* [CP] Check Pods Manifest.lock */ = {
			isa = PBXShellScriptBuildPhase;
			buildActionMask = 2147483647;
			files = (
			);
			inputPaths = (
			);
			name = "[CP] Check Pods Manifest.lock";
			outputPaths = (
			);
			runOnlyForDeploymentPostprocessing = 0;
			shellPath = /bin/sh;
			shellScript = "diff \"${PODS_ROOT}/../Podfile.lock\" \"${PODS_ROOT}/Manifest.lock\" > /dev/null\nif [ $? != 0 ] ; then\n    # print error to STDERR\n    echo \"error: The sandbox is not in sync with the Podfile.lock. Run 'pod install' or update your CocoaPods installation.\" >&2\n    exit 1\nfi\n";
			showEnvVarsInLog = 0;
		};
		89CC07F1965863D07909FD71 /* [CP] Copy Pods Resources */ = {
			isa = PBXShellScriptBuildPhase;
			buildActionMask = 2147483647;
			files = (
			);
			inputPaths = (
			);
			name = "[CP] Copy Pods Resources";
			outputPaths = (
			);
			runOnlyForDeploymentPostprocessing = 0;
			shellPath = /bin/sh;
			shellScript = "\"${SRCROOT}/Pods/Target Support Files/Pods-prueba1/Pods-prueba1-resources.sh\"\n";
			showEnvVarsInLog = 0;
		};
		8DEE47AFD516452B00B3F75D /* [CP] Embed Pods Frameworks */ = {
			isa = PBXShellScriptBuildPhase;
			buildActionMask = 2147483647;
			files = (
			);
			inputPaths = (
			);
			name = "[CP] Embed Pods Frameworks";
			outputPaths = (
			);
			runOnlyForDeploymentPostprocessing = 0;
			shellPath = /bin/sh;
			shellScript = "\"${SRCROOT}/Pods/Target Support Files/Pods-prueba1/Pods-prueba1-frameworks.sh\"\n";
			showEnvVarsInLog = 0;
		};
/* End PBXShellScriptBuildPhase section */

/* Begin PBXSourcesBuildPhase section */
		E93D367F1DDF8C9E001BE01E /* Sources */ = {
			isa = PBXSourcesBuildPhase;
			buildActionMask = 2147483647;
			files = (
				E9CF305D1DE4DDC000ABDADE /* tabController.swift in Sources */,
				E9A431951DE8B6E6002B3DA7 /* Alumno.swift in Sources */,
				E93D36891DDF8C9E001BE01E /* ViewController.swift in Sources */,
				E9CF305F1DE4E02200ABDADE /* DatosViewController.swift in Sources */,
				E93D36871DDF8C9E001BE01E /* AppDelegate.swift in Sources */,
			);
			runOnlyForDeploymentPostprocessing = 0;
		};
/* End PBXSourcesBuildPhase section */

/* Begin PBXVariantGroup section */
		E93D368A1DDF8C9E001BE01E /* Main.storyboard */ = {
			isa = PBXVariantGroup;
			children = (
				E93D368B1DDF8C9E001BE01E /* Base */,
			);
			name = Main.storyboard;
			sourceTree = "<group>";
		};
		E93D368F1DDF8C9E001BE01E /* LaunchScreen.storyboard */ = {
			isa = PBXVariantGroup;
			children = (
				E93D36901DDF8C9E001BE01E /* Base */,
			);
			name = LaunchScreen.storyboard;
			sourceTree = "<group>";
		};
/* End PBXVariantGroup section */

/* Begin XCBuildConfiguration section */
		E93D36931DDF8C9E001BE01E /* Debug */ = {
			isa = XCBuildConfiguration;
			buildSettings = {
				ALWAYS_SEARCH_USER_PATHS = NO;
				CLANG_ANALYZER_NONNULL = YES;
				CLANG_CXX_LANGUAGE_STANDARD = "gnu++0x";
				CLANG_CXX_LIBRARY = "libc++";
				CLANG_ENABLE_MODULES = YES;
				CLANG_ENABLE_OBJC_ARC = YES;
				CLANG_WARN_BOOL_CONVERSION = YES;
				CLANG_WARN_CONSTANT_CONVERSION = YES;
				CLANG_WARN_DIRECT_OBJC_ISA_USAGE = YES_ERROR;
				CLANG_WARN_DOCUMENTATION_COMMENTS = YES;
				CLANG_WARN_EMPTY_BODY = YES;
				CLANG_WARN_ENUM_CONVERSION = YES;
				CLANG_WARN_INFINITE_RECURSION = YES;
				CLANG_WARN_INT_CONVERSION = YES;
				CLANG_WARN_OBJC_ROOT_CLASS = YES_ERROR;
				CLANG_WARN_SUSPICIOUS_MOVES = YES;
				CLANG_WARN_UNREACHABLE_CODE = YES;
				CLANG_WARN__DUPLICATE_METHOD_MATCH = YES;
				"CODE_SIGN_IDENTITY[sdk=iphoneos*]" = "iPhone Developer";
				COPY_PHASE_STRIP = NO;
				DEBUG_INFORMATION_FORMAT = dwarf;
				ENABLE_STRICT_OBJC_MSGSEND = YES;
				ENABLE_TESTABILITY = YES;
				GCC_C_LANGUAGE_STANDARD = gnu99;
				GCC_DYNAMIC_NO_PIC = NO;
				GCC_NO_COMMON_BLOCKS = YES;
				GCC_OPTIMIZATION_LEVEL = 0;
				GCC_PREPROCESSOR_DEFINITIONS = (
					"DEBUG=1",
					"$(inherited)",
				);
				GCC_WARN_64_TO_32_BIT_CONVERSION = YES;
				GCC_WARN_ABOUT_RETURN_TYPE = YES_ERROR;
				GCC_WARN_UNDECLARED_SELECTOR = YES;
				GCC_WARN_UNINITIALIZED_AUTOS = YES_AGGRESSIVE;
				GCC_WARN_UNUSED_FUNCTION = YES;
				GCC_WARN_UNUSED_VARIABLE = YES;
				IPHONEOS_DEPLOYMENT_TARGET = 10.1;
				MTL_ENABLE_DEBUG_INFO = YES;
				ONLY_ACTIVE_ARCH = YES;
				SDKROOT = iphoneos;
				SWIFT_ACTIVE_COMPILATION_CONDITIONS = DEBUG;
				SWIFT_OPTIMIZATION_LEVEL = "-Onone";
				TARGETED_DEVICE_FAMILY = "1,2";
			};
			name = Debug;
		};
		E93D36941DDF8C9E001BE01E /* Release */ = {
			isa = XCBuildConfiguration;
			buildSettings = {
				ALWAYS_SEARCH_USER_PATHS = NO;
				CLANG_ANALYZER_NONNULL = YES;
				CLANG_CXX_LANGUAGE_STANDARD = "gnu++0x";
				CLANG_CXX_LIBRARY = "libc++";
				CLANG_ENABLE_MODULES = YES;
				CLANG_ENABLE_OBJC_ARC = YES;
				CLANG_WARN_BOOL_CONVERSION = YES;
				CLANG_WARN_CONSTANT_CONVERSION = YES;
				CLANG_WARN_DIRECT_OBJC_ISA_USAGE = YES_ERROR;
				CLANG_WARN_DOCUMENTATION_COMMENTS = YES;
				CLANG_WARN_EMPTY_BODY = YES;
				CLANG_WARN_ENUM_CONVERSION = YES;
				CLANG_WARN_INFINITE_RECURSION = YES;
				CLANG_WARN_INT_CONVERSION = YES;
				CLANG_WARN_OBJC_ROOT_CLASS = YES_ERROR;
				CLANG_WARN_SUSPICIOUS_MOVES = YES;
				CLANG_WARN_UNREACHABLE_CODE = YES;
				CLANG_WARN__DUPLICATE_METHOD_MATCH = YES;
				"CODE_SIGN_IDENTITY[sdk=iphoneos*]" = "iPhone Developer";
				COPY_PHASE_STRIP = NO;
				DEBUG_INFORMATION_FORMAT = "dwarf-with-dsym";
				ENABLE_NS_ASSERTIONS = NO;
				ENABLE_STRICT_OBJC_MSGSEND = YES;
				GCC_C_LANGUAGE_STANDARD = gnu99;
				GCC_NO_COMMON_BLOCKS = YES;
				GCC_WARN_64_TO_32_BIT_CONVERSION = YES;
				GCC_WARN_ABOUT_RETURN_TYPE = YES_ERROR;
				GCC_WARN_UNDECLARED_SELECTOR = YES;
				GCC_WARN_UNINITIALIZED_AUTOS = YES_AGGRESSIVE;
				GCC_WARN_UNUSED_FUNCTION = YES;
				GCC_WARN_UNUSED_VARIABLE = YES;
				IPHONEOS_DEPLOYMENT_TARGET = 10.1;
				MTL_ENABLE_DEBUG_INFO = NO;
				SDKROOT = iphoneos;
				SWIFT_OPTIMIZATION_LEVEL = "-Owholemodule";
				TARGETED_DEVICE_FAMILY = "1,2";
				VALIDATE_PRODUCT = YES;
			};
			name = Release;
		};
		E93D36961DDF8C9E001BE01E /* Debug */ = {
			isa = XCBuildConfiguration;
			baseConfigurationReference = 49481C1382015801ADB2C900 /* Pods-prueba1.debug.xcconfig */;
			buildSettings = {
				ASSETCATALOG_COMPILER_APPICON_NAME = AppIcon;
				INFOPLIST_FILE = prueba1/Info.plist;
				LD_RUNPATH_SEARCH_PATHS = "$(inherited) @executable_path/Frameworks";
				PRODUCT_BUNDLE_IDENTIFIER = CUCEA.prueba1;
				PRODUCT_NAME = "$(TARGET_NAME)";
				SWIFT_VERSION = 3.0;
			};
			name = Debug;
		};
		E93D36971DDF8C9E001BE01E /* Release */ = {
			isa = XCBuildConfiguration;
			baseConfigurationReference = 0ACD7B28D2CCB7D47DA059E1 /* Pods-prueba1.release.xcconfig */;
			buildSettings = {
				ASSETCATALOG_COMPILER_APPICON_NAME = AppIcon;
				INFOPLIST_FILE = prueba1/Info.plist;
				LD_RUNPATH_SEARCH_PATHS = "$(inherited) @executable_path/Frameworks";
				PRODUCT_BUNDLE_IDENTIFIER = CUCEA.prueba1;
				PRODUCT_NAME = "$(TARGET_NAME)";
				SWIFT_VERSION = 3.0;
			};
			name = Release;
		};
/* End XCBuildConfiguration section */

/* Begin XCConfigurationList section */
		E93D367E1DDF8C9E001BE01E /* Build configuration list for PBXProject "prueba1" */ = {
			isa = XCConfigurationList;
			buildConfigurations = (
				E93D36931DDF8C9E001BE01E /* Debug */,
				E93D36941DDF8C9E001BE01E /* Release */,
			);
			defaultConfigurationIsVisible = 0;
			defaultConfigurationName = Release;
		};
		E93D36951DDF8C9E001BE01E /* Build configuration list for PBXNativeTarget "prueba1" */ = {
			isa = XCConfigurationList;
			buildConfigurations = (
				E93D36961DDF8C9E001BE01E /* Debug */,
				E93D36971DDF8C9E001BE01E /* Release */,
			);
			defaultConfigurationIsVisible = 0;
			defaultConfigurationName = Release;
		};
/* End XCConfigurationList section */
	};
	rootObject = E93D367B1DDF8C9E001BE01E /* Project object */;
}
